
Microsoft Visual Studio Solution File, Format Version 12.00
# Visual Studio Version 17
VisualStudioVersion = 17.6.33829.357
MinimumVisualStudioVersion = 10.0.40219.1
Project("{FAE04EC0-301F-11D3-BF4B-00C04F79EFBC}") = "EvgeniiKhe_Assignment05", "EvgeniiKhe_Assignment05\EvgeniiKhe_Assignment05.csproj", "{9165E92C-F658-4E41-9A26-ADF6712E3624}"
EndProject
Global
	GlobalSection(SolutionConfigurationPlatforms) = preSolution
		Debug|Any CPU = Debug|Any CPU
		Release|Any CPU = Release|Any CPU
	EndGlobalSection
	GlobalSection(ProjectConfigurationPlatforms) = postSolution
		{9165E92C-F658-4E41-9A26-ADF6712E3624}.Debug|Any CPU.ActiveCfg = Debug|Any CPU
		{9165E92C-F658-4E41-9A26-ADF6712E3624}.Debug|Any CPU.Build.0 = Debug|Any CPU
		{9165E92C-F658-4E41-9A26-ADF6712E3624}.Release|Any CPU.ActiveCfg = Release|Any CPU
		{9165E92C-F658-4E41-9A26-ADF6712E3624}.Release|Any CPU.Build.0 = Release|Any CPU
	EndGlobalSection
	GlobalSection(SolutionProperties) = preSolution
		HideSolutionNode = FALSE
	EndGlobalSection
	GlobalSection(ExtensibilityGlobals) = postSolution
		SolutionGuid = {57705656-A138-431A-B08E-D7CCF4A80DEE}
	EndGlobalSection
EndGlobal
